
Microsoft Visual Studio Solution File, Format Version 12.00
# Visual Studio Version 17
VisualStudioVersion = 17.0.31815.197
MinimumVisualStudioVersion = 10.0.40219.1
Project("{FAE04EC0-301F-11D3-BF4B-00C04F79EFBC}") = "ScrapeWebSiteTurboaz", "ScrapeWebSiteTurboaz\ScrapeWebSiteTurboaz.csproj", "{1739B4E1-0663-4883-9DD3-B0AD20F373E7}"
EndProject
Global
	GlobalSection(SolutionConfigurationPlatforms) = preSolution
		Debug|Any CPU = Debug|Any CPU
		Release|Any CPU = Release|Any CPU
	EndGlobalSection
	GlobalSection(ProjectConfigurationPlatforms) = postSolution
		{1739B4E1-0663-4883-9DD3-B0AD20F373E7}.Debug|Any CPU.ActiveCfg = Debug|Any CPU
		{1739B4E1-0663-4883-9DD3-B0AD20F373E7}.Debug|Any CPU.Build.0 = Debug|Any CPU
		{1739B4E1-0663-4883-9DD3-B0AD20F373E7}.Release|Any CPU.ActiveCfg = Release|Any CPU
		{1739B4E1-0663-4883-9DD3-B0AD20F373E7}.Release|Any CPU.Build.0 = Release|Any CPU
	EndGlobalSection
	GlobalSection(SolutionProperties) = preSolution
		HideSolutionNode = FALSE
	EndGlobalSection
	GlobalSection(ExtensibilityGlobals) = postSolution
		SolutionGuid = {7CAFEA2B-4B34-4DAD-A959-3B43696F9E7C}
	EndGlobalSection
EndGlobal
